{
  "name": "powertoast",
  "version": "1.1.0",
  "lockfileVersion": 1,
  "requires": true,
  "dependencies": {
    "@nodert-win10-rs4/windows.data.xml.dom": {
      "version": "0.4.4",
      "resolved": "https://registry.npmjs.org/@nodert-win10-rs4/windows.data.xml.dom/-/windows.data.xml.dom-0.4.4.tgz",
      "integrity": "sha512-DxnuNqQC1Fot/bLpOVqeykVGfLKXe0+staMRlh08aUYOFqSSGa4LLxhKvgCHlt65zhZJ89nip0Dw4HJSUPS2uA==",
      "requires": {
        "nan": "^2.14.0"
      }
    },
    "@nodert-win10-rs4/windows.ui.notifications": {
      "version": "0.4.4",
      "resolved": "https://registry.npmjs.org/@nodert-win10-rs4/windows.ui.notifications/-/windows.ui.notifications-0.4.4.tgz",
      "integrity": "sha512-C03i5bj7LdE2Ta9ei7GiTPGb54bPd+ON8xqFAFfwPEeg+KTQEtG9R8JdTfiGJACYM583KiclMT1tKq8uyfZLcA==",
      "requires": {
        "nan": "^2.14.0"
      }
    },
    "nan": {
      "version": "2.14.0",
      "resolved": "https://registry.npmjs.org/nan/-/nan-2.14.0.tgz",
      "integrity": "sha512-INOFj37C7k3AfaNTtX8RhsTw7qRy7eLET14cROi9+5HAVbbHuIWUHEauBv5qT4Av2tWasiTY1Jw6puUNqRJXQg=="
    }
  }
}
